
Microsoft Visual Studio Solution File, Format Version 12.00
# Visual Studio Version 17
VisualStudioVersion = 17.3.32929.385
MinimumVisualStudioVersion = 10.0.40219.1
Project("{FAE04EC0-301F-11D3-BF4B-00C04F79EFBC}") = "Payment_Api", "Payment_Api\Payment_Api.csproj", "{C05EA7A6-4F36-4165-B81E-A2AF3BF797DE}"
EndProject
Global
	GlobalSection(SolutionConfigurationPlatforms) = preSolution
		Debug|Any CPU = Debug|Any CPU
		Release|Any CPU = Release|Any CPU
	EndGlobalSection
	GlobalSection(ProjectConfigurationPlatforms) = postSolution
		{C05EA7A6-4F36-4165-B81E-A2AF3BF797DE}.Debug|Any CPU.ActiveCfg = Debug|Any CPU
		{C05EA7A6-4F36-4165-B81E-A2AF3BF797DE}.Debug|Any CPU.Build.0 = Debug|Any CPU
		{C05EA7A6-4F36-4165-B81E-A2AF3BF797DE}.Release|Any CPU.ActiveCfg = Release|Any CPU
		{C05EA7A6-4F36-4165-B81E-A2AF3BF797DE}.Release|Any CPU.Build.0 = Release|Any CPU
	EndGlobalSection
	GlobalSection(SolutionProperties) = preSolution
		HideSolutionNode = FALSE
	EndGlobalSection
	GlobalSection(ExtensibilityGlobals) = postSolution
		SolutionGuid = {BD2F3A50-1E3E-48A2-B1D2-86F2892019D0}
	EndGlobalSection
EndGlobal
